PODS:
  - IQKeyboardManagerSwift (6.2.0)

DEPENDENCIES:
  - IQKeyboardManagerSwift

SPEC REPOS:
  https://github.com/cocoapods/specs.git:
    - IQKeyboardManagerSwift

SPEC CHECKSUMS:
  IQKeyboardManagerSwift: b07ccf9d8cafe993dcd6cb794eb4ba34611a0c4e

PODFILE CHECKSUM: 321ff76d56a83870017c49663652fa5eceb4de7d

COCOAPODS: 1.6.1
